// !$*UTF8*$!
{
	archiveVersion = 1;
	classes = {
	};
	objectVersion = 77;
	objects = {

/* Begin PBXBuildFile section */
		1ACB9E222E7357EB0055399F /* README.md in Sources */ = {isa = PBXBuildFile; fileRef = 1ACB9E212E7357E10055399F /* README.md */; };
/* End PBXBuildFile section */

/* Begin PBXContainerItemProxy section */
		1AEA2F1C2E6C461D008CD44E /* PBXContainerItemProxy */ = {
			isa = PBXContainerItemProxy;
			containerPortal = 1AEA2F062E6C461C008CD44E /* Project object */;
			proxyType = 1;
			remoteGlobalIDString = 1AEA2F0D2E6C461C008CD44E;
			remoteInfo = "Meteo-Indicator";
		};
		1AEA2F262E6C461D008CD44E /* PBXContainerItemProxy */ = {
			isa = PBXContainerItemProxy;
			containerPortal = 1AEA2F062E6C461C008CD44E /* Project object */;
			proxyType = 1;
			remoteGlobalIDString = 1AEA2F0D2E6C461C008CD44E;
			remoteInfo = "Meteo-Indicator";
		};
/* End PBXContainerItemProxy section */

/* Begin PBXFileReference section */
		1ACB9E212E7357E10055399F /* README.md */ = {isa = PBXFileReference; lastKnownFileType = sourcecode.swift; path = README.md; sourceTree = "<group>"; };
		1AEA2F0E2E6C461C008CD44E /* Meteo-Indicator.app */ = {isa = PBXFileReference; explicitFileType = wrapper.application; includeInIndex = 0; path = "Meteo-Indicator.app"; sourceTree = BUILT_PRODUCTS_DIR; };
		1AEA2F1B2E6C461D008CD44E /* Meteo-IndicatorTests.xctest */ = {isa = PBXFileReference; explicitFileType = wrapper.cfbundle; includeInIndex = 0; path = "Meteo-IndicatorTests.xctest"; sourceTree = BUILT_PRODUCTS_DIR; };
		1AEA2F252E6C461D008CD44E /* Meteo-IndicatorUITests.xctest */ = {isa = PBXFileReference; explicitFileType = wrapper.cfbundle; includeInIndex = 0; path = "Meteo-IndicatorUITests.xctest"; sourceTree = BUILT_PRODUCTS_DIR; };
/* End PBXFileReference section */

/* Begin PBXFileSystemSynchronizedBuildFileExceptionSet section */
		1A79D1982E734A040008F326 /* Exceptions for "Meteo-Indicator" folder in "Meteo-Indicator" target */ = {
			isa = PBXFileSystemSynchronizedBuildFileExceptionSet;
			membershipExceptions = (
				"Tests/Meteo-IndicatorTests/Meteo_IndicatorTests.swift",
				"Tests/Meteo-IndicatorUITests/Meteo_IndicatorUITests.swift",
				"Tests/Meteo-IndicatorUITests/Meteo_IndicatorUITestsLaunchTests.swift",
			);
			target = 1AEA2F0D2E6C461C008CD44E /* Meteo-Indicator */;
		};
		1A79D1992E734A040008F326 /* Exceptions for "Meteo-Indicator" folder in "Meteo-IndicatorTests" target */ = {
			isa = PBXFileSystemSynchronizedBuildFileExceptionSet;
			membershipExceptions = (
				"Tests/Meteo-IndicatorTests/Meteo_IndicatorTests.swift",
			);
			target = 1AEA2F1A2E6C461D008CD44E /* Meteo-IndicatorTests */;
		};
		1A79D19A2E734A040008F326 /* Exceptions for "Meteo-Indicator" folder in "Meteo-IndicatorUITests" target */ = {
			isa = PBXFileSystemSynchronizedBuildFileExceptionSet;
			membershipExceptions = (
				"Tests/Meteo-IndicatorUITests/Meteo_IndicatorUITests.swift",
				"Tests/Meteo-IndicatorUITests/Meteo_IndicatorUITestsLaunchTests.swift",
			);
			target = 1AEA2F242E6C461D008CD44E /* Meteo-IndicatorUITests */;
		};
/* End PBXFileSystemSynchronizedBuildFileExceptionSet section */

/* Begin PBXFileSystemSynchronizedRootGroup section */
		1AEA2F102E6C461C008CD44E /* Meteo-Indicator */ = {
			isa = PBXFileSystemSynchronizedRootGroup;
			exceptions = (
				1A79D1982E734A040008F326 /* Exceptions for "Meteo-Indicator" folder in "Meteo-Indicator" target */,
				1A79D1992E734A040008F326 /* Exceptions for "Meteo-Indicator" folder in "Meteo-IndicatorTests" target */,
				1A79D19A2E734A040008F326 /* Exceptions for "Meteo-Indicator" folder in "Meteo-IndicatorUITests" target */,
			);
			path = "Meteo-Indicator";
			sourceTree = "<group>";
		};
/* End PBXFileSystemSynchronizedRootGroup section */

/* Begin PBXFrameworksBuildPhase section */
		1AEA2F0B2E6C461C008CD44E /* Frameworks */ = {
			isa = PBXFrameworksBuildPhase;
			buildActionMask = 2147483647;
			files = (
			);
			runOnlyForDeploymentPostprocessing = 0;
		};
		1AEA2F182E6C461D008CD44E /* Frameworks */ = {
			isa = PBXFrameworksBuildPhase;
			buildActionMask = 2147483647;
			files = (
			);
			runOnlyForDeploymentPostprocessing = 0;
		};
		1AEA2F222E6C461D008CD44E /* Frameworks */ = {
			isa = PBXFrameworksBuildPhase;
			buildActionMask = 2147483647;
			files = (
			);
			runOnlyForDeploymentPostprocessing = 0;
		};
/* End PBXFrameworksBuildPhase section */

/* Begin PBXGroup section */
		1AEA2F052E6C461C008CD44E = {
			isa = PBXGroup;
			children = (
				1ACB9E212E7357E10055399F /* README.md */,
				1AEA2F102E6C461C008CD44E /* Meteo-Indicator */,
				1AEA2F0F2E6C461C008CD44E /* Products */,
			);
			sourceTree = "<group>";
		};
		1AEA2F0F2E6C461C008CD44E /* Products */ = {
			isa = PBXGroup;
			children = (
				1AEA2F0E2E6C461C008CD44E /* Meteo-Indicator.app */,
				1AEA2F1B2E6C461D008CD44E /* Meteo-IndicatorTests.xctest */,
				1AEA2F252E6C461D008CD44E /* Meteo-IndicatorUITests.xctest */,
			);
			name = Products;
			sourceTree = "<group>";
		};
/* End PBXGroup section */

/* Begin PBXNativeTarget section */
		1AEA2F0D2E6C461C008CD44E /* Meteo-Indicator */ = {
			isa = PBXNativeTarget;
			buildConfigurationList = 1AEA2F2F2E6C461D008CD44E /* Build configuration list for PBXNativeTarget "Meteo-Indicator" */;
			buildPhases = (
				1AEA2F0A2E6C461C008CD44E /* Sources */,
				1AEA2F0B2E6C461C008CD44E /* Frameworks */,
				1AEA2F0C2E6C461C008CD44E /* Resources */,
			);
			buildRules = (
			);
			dependencies = (
			);
			fileSystemSynchronizedGroups = (
				1AEA2F102E6C461C008CD44E /* Meteo-Indicator */,
			);
			name = "Meteo-Indicator";
			packageProductDependencies = (
			);
			productName = "Meteo-Indicator";
			productReference = 1AEA2F0E2E6C461C008CD44E /* Meteo-Indicator.app */;
			productType = "com.apple.product-type.application";
		};
		1AEA2F1A2E6C461D008CD44E /* Meteo-IndicatorTests */ = {
			isa = PBXNativeTarget;
			buildConfigurationList = 1AEA2F322E6C461D008CD44E /* Build configuration list for PBXNativeTarget "Meteo-IndicatorTests" */;
			buildPhases = (
				1AEA2F172E6C461D008CD44E /* Sources */,
				1AEA2F182E6C461D008CD44E /* Frameworks */,
				1AEA2F192E6C461D008CD44E /* Resources */,
			);
			buildRules = (
			);
			dependencies = (
				1AEA2F1D2E6C461D008CD44E /* PBXTargetDependency */,
			);
			name = "Meteo-IndicatorTests";
			packageProductDependencies = (
			);
			productName = "Meteo-IndicatorTests";
			productReference = 1AEA2F1B2E6C461D008CD44E /* Meteo-IndicatorTests.xctest */;
			productType = "com.apple.product-type.bundle.unit-test";
		};
		1AEA2F242E6C461D008CD44E /* Meteo-IndicatorUITests */ = {
			isa = PBXNativeTarget;
			buildConfigurationList = 1AEA2F352E6C461D008CD44E /* Build configuration list for PBXNativeTarget "Meteo-IndicatorUITests" */;
			buildPhases = (
				1AEA2F212E6C461D008CD44E /* Sources */,
				1AEA2F222E6C461D008CD44E /* Frameworks */,
				1AEA2F232E6C461D008CD44E /* Resources */,
			);
			buildRules = (
			);
			dependencies = (
				1AEA2F272E6C461D008CD44E /* PBXTargetDependency */,
			);
			name = "Meteo-IndicatorUITests";
			packageProductDependencies = (
			);
			productName = "Meteo-IndicatorUITests";
			productReference = 1AEA2F252E6C461D008CD44E /* Meteo-IndicatorUITests.xctest */;
			productType = "com.apple.product-type.bundle.ui-testing";
		};
/* End PBXNativeTarget section */

/* Begin PBXProject section */
		1AEA2F062E6C461C008CD44E /* Project object */ = {
			isa = PBXProject;
			attributes = {
				BuildIndependentTargetsInParallel = 1;
				LastSwiftUpdateCheck = 2600;
				LastUpgradeCheck = 2600;
				TargetAttributes = {
					1AEA2F0D2E6C461C008CD44E = {
						CreatedOnToolsVersion = 26.0;
					};
					1AEA2F1A2E6C461D008CD44E = {
						CreatedOnToolsVersion = 26.0;
						TestTargetID = 1AEA2F0D2E6C461C008CD44E;
					};
					1AEA2F242E6C461D008CD44E = {
						CreatedOnToolsVersion = 26.0;
						TestTargetID = 1AEA2F0D2E6C461C008CD44E;
					};
				};
			};
			buildConfigurationList = 1AEA2F092E6C461C008CD44E /* Build configuration list for PBXProject "Meteo-Indicator" */;
			developmentRegion = en;
			hasScannedForEncodings = 0;
			knownRegions = (
				en,
				Base,
			);
			mainGroup = 1AEA2F052E6C461C008CD44E;
			minimizedProjectReferenceProxies = 1;
			preferredProjectObjectVersion = 77;
			productRefGroup = 1AEA2F0F2E6C461C008CD44E /* Products */;
			projectDirPath = "";
			projectRoot = "";
			targets = (
				1AEA2F0D2E6C461C008CD44E /* Meteo-Indicator */,
				1AEA2F1A2E6C461D008CD44E /* Meteo-IndicatorTests */,
				1AEA2F242E6C461D008CD44E /* Meteo-IndicatorUITests */,
			);
		};
/* End PBXProject section */

/* Begin PBXResourcesBuildPhase section */
		1AEA2F0C2E6C461C008CD44E /* Resources */ = {
			isa = PBXResourcesBuildPhase;
			buildActionMask = 2147483647;
			files = (
			);
			runOnlyForDeploymentPostprocessing = 0;
		};
		1AEA2F192E6C461D008CD44E /* Resources */ = {
			isa = PBXResourcesBuildPhase;
			buildActionMask = 2147483647;
			files = (
			);
			runOnlyForDeploymentPostprocessing = 0;
		};
		1AEA2F232E6C461D008CD44E /* Resources */ = {
			isa = PBXResourcesBuildPhase;
			buildActionMask = 2147483647;
			files = (
			);
			runOnlyForDeploymentPostprocessing = 0;
		};
/* End PBXResourcesBuildPhase section */

/* Begin PBXSourcesBuildPhase section */
		1AEA2F0A2E6C461C008CD44E /* Sources */ = {
			isa = PBXSourcesBuildPhase;
			buildActionMask = 2147483647;
			files = (
				1ACB9E222E7357EB0055399F /* README.md in Sources */,
			);
			runOnlyForDeploymentPostprocessing = 0;
		};
		1AEA2F172E6C461D008CD44E /* Sources */ = {
			isa = PBXSourcesBuildPhase;
			buildActionMask = 2147483647;
			files = (
			);
			runOnlyForDeploymentPostprocessing = 0;
		};
		1AEA2F212E6C461D008CD44E /* Sources */ = {
			isa = PBXSourcesBuildPhase;
			buildActionMask = 2147483647;
			files = (
			);
			runOnlyForDeploymentPostprocessing = 0;
		};
/* End PBXSourcesBuildPhase section */

/* Begin PBXTargetDependency section */
		1AEA2F1D2E6C461D008CD44E /* PBXTargetDependency */ = {
			isa = PBXTargetDependency;
			target = 1AEA2F0D2E6C461C008CD44E /* Meteo-Indicator */;
			targetProxy = 1AEA2F1C2E6C461D008CD44E /* PBXContainerItemProxy */;
		};
		1AEA2F272E6C461D008CD44E /* PBXTargetDependency */ = {
			isa = PBXTargetDependency;
			target = 1AEA2F0D2E6C461C008CD44E /* Meteo-Indicator */;
			targetProxy = 1AEA2F262E6C461D008CD44E /* PBXContainerItemProxy */;
		};
/* End PBXTargetDependency section */

/* Begin XCBuildConfiguration section */
		1AEA2F2D2E6C461D008CD44E /* Debug */ = {
			isa = XCBuildConfiguration;
			buildSettings = {
				ALWAYS_SEARCH_USER_PATHS = NO;
				ASSETCATALOG_COMPILER_GENERATE_SWIFT_ASSET_SYMBOL_EXTENSIONS = YES;
				CLANG_ANALYZER_NONNULL = YES;
				CLANG_ANALYZER_NUMBER_OBJECT_CONVERSION = YES_AGGRESSIVE;
				CLANG_CXX_LANGUAGE_STANDARD = "gnu++20";
				CLANG_ENABLE_MODULES = YES;
				CLANG_ENABLE_OBJC_ARC = YES;
				CLANG_ENABLE_OBJC_WEAK = YES;
				CLANG_WARN_BLOCK_CAPTURE_AUTORELEASING = YES;
				CLANG_WARN_BOOL_CONVERSION = YES;
				CLANG_WARN_COMMA = YES;
				CLANG_WARN_CONSTANT_CONVERSION = YES;
				CLANG_WARN_DEPRECATED_OBJC_IMPLEMENTATIONS = YES;
				CLANG_WARN_DIRECT_OBJC_ISA_USAGE = YES_ERROR;
				CLANG_WARN_DOCUMENTATION_COMMENTS = YES;
				CLANG_WARN_EMPTY_BODY = YES;
				CLANG_WARN_ENUM_CONVERSION = YES;
				CLANG_WARN_INFINITE_RECURSION = YES;
				CLANG_WARN_INT_CONVERSION = YES;
				CLANG_WARN_NON_LITERAL_NULL_CONVERSION = YES;
				CLANG_WARN_OBJC_IMPLICIT_RETAIN_SELF = YES;
				CLANG_WARN_OBJC_LITERAL_CONVERSION = YES;
				CLANG_WARN_OBJC_ROOT_CLASS = YES_ERROR;
				CLANG_WARN_QUOTED_INCLUDE_IN_FRAMEWORK_HEADER = YES;
				CLANG_WARN_RANGE_LOOP_ANALYSIS = YES;
				CLANG_WARN_STRICT_PROTOTYPES = YES;
				CLANG_WARN_SUSPICIOUS_MOVE = YES;
				CLANG_WARN_UNGUARDED_AVAILABILITY = YES_AGGRESSIVE;
				CLANG_WARN_UNREACHABLE_CODE = YES;
				CLANG_WARN__DUPLICATE_METHOD_MATCH = YES;
				COPY_PHASE_STRIP = NO;
				DEBUG_INFORMATION_FORMAT = dwarf;
				DEVELOPMENT_TEAM = 2G32TA8V2A;
				ENABLE_STRICT_OBJC_MSGSEND = YES;
				ENABLE_TESTABILITY = YES;
				ENABLE_USER_SCRIPT_SANDBOXING = YES;
				GCC_C_LANGUAGE_STANDARD = gnu17;
				GCC_DYNAMIC_NO_PIC = NO;
				GCC_NO_COMMON_BLOCKS = YES;
				GCC_OPTIMIZATION_LEVEL = 0;
				GCC_PREPROCESSOR_DEFINITIONS = (
					"DEBUG=1",
					"$(inherited)",
				);
				GCC_WARN_64_TO_32_BIT_CONVERSION = YES;
				GCC_WARN_ABOUT_RETURN_TYPE = YES_ERROR;
				GCC_WARN_UNDECLARED_SELECTOR = YES;
				GCC_WARN_UNINITIALIZED_AUTOS = YES_AGGRESSIVE;
				GCC_WARN_UNUSED_FUNCTION = YES;
				GCC_WARN_UNUSED_VARIABLE = YES;
				IPHONEOS_DEPLOYMENT_TARGET = 26.0;
				LOCALIZATION_PREFERS_STRING_CATALOGS = YES;
				MTL_ENABLE_DEBUG_INFO = INCLUDE_SOURCE;
				MTL_FAST_MATH = YES;
				ONLY_ACTIVE_ARCH = YES;
				SDKROOT = iphoneos;
				SWIFT_ACTIVE_COMPILATION_CONDITIONS = "DEBUG $(inherited)";
				SWIFT_OPTIMIZATION_LEVEL = "-Onone";
			};
			name = Debug;
		};
		1AEA2F2E2E6C461D008CD44E /* Release */ = {
			isa = XCBuildConfiguration;
			buildSettings = {
				ALWAYS_SEARCH_USER_PATHS = NO;
				ASSETCATALOG_COMPILER_GENERATE_SWIFT_ASSET_SYMBOL_EXTENSIONS = YES;
				CLANG_ANALYZER_NONNULL = YES;
				CLANG_ANALYZER_NUMBER_OBJECT_CONVERSION = YES_AGGRESSIVE;
				CLANG_CXX_LANGUAGE_STANDARD = "gnu++20";
				CLANG_ENABLE_MODULES = YES;
				CLANG_ENABLE_OBJC_ARC = YES;
				CLANG_ENABLE_OBJC_WEAK = YES;
				CLANG_WARN_BLOCK_CAPTURE_AUTORELEASING = YES;
				CLANG_WARN_BOOL_CONVERSION = YES;
				CLANG_WARN_COMMA = YES;
				CLANG_WARN_CONSTANT_CONVERSION = YES;
				CLANG_WARN_DEPRECATED_OBJC_IMPLEMENTATIONS = YES;
				CLANG_WARN_DIRECT_OBJC_ISA_USAGE = YES_ERROR;
				CLANG_WARN_DOCUMENTATION_COMMENTS = YES;
				CLANG_WARN_EMPTY_BODY = YES;
				CLANG_WARN_ENUM_CONVERSION = YES;
				CLANG_WARN_INFINITE_RECURSION = YES;
				CLANG_WARN_INT_CONVERSION = YES;
				CLANG_WARN_NON_LITERAL_NULL_CONVERSION = YES;
				CLANG_WARN_OBJC_IMPLICIT_RETAIN_SELF = YES;
				CLANG_WARN_OBJC_LITERAL_CONVERSION = YES;
				CLANG_WARN_OBJC_ROOT_CLASS = YES_ERROR;
				CLANG_WARN_QUOTED_INCLUDE_IN_FRAMEWORK_HEADER = YES;
				CLANG_WARN_RANGE_LOOP_ANALYSIS = YES;
				CLANG_WARN_STRICT_PROTOTYPES = YES;
				CLANG_WARN_SUSPICIOUS_MOVE = YES;
				CLANG_WARN_UNGUARDED_AVAILABILITY = YES_AGGRESSIVE;
				CLANG_WARN_UNREACHABLE_CODE = YES;
				CLANG_WARN__DUPLICATE_METHOD_MATCH = YES;
				COPY_PHASE_STRIP = NO;
				DEBUG_INFORMATION_FORMAT = "dwarf-with-dsym";
				DEVELOPMENT_TEAM = 2G32TA8V2A;
				ENABLE_NS_ASSERTIONS = NO;
				ENABLE_STRICT_OBJC_MSGSEND = YES;
				ENABLE_USER_SCRIPT_SANDBOXING = YES;
				GCC_C_LANGUAGE_STANDARD = gnu17;
				GCC_NO_COMMON_BLOCKS = YES;
				GCC_WARN_64_TO_32_BIT_CONVERSION = YES;
				GCC_WARN_ABOUT_RETURN_TYPE = YES_ERROR;
				GCC_WARN_UNDECLARED_SELECTOR = YES;
				GCC_WARN_UNINITIALIZED_AUTOS = YES_AGGRESSIVE;
				GCC_WARN_UNUSED_FUNCTION = YES;
				GCC_WARN_UNUSED_VARIABLE = YES;
				IPHONEOS_DEPLOYMENT_TARGET = 26.0;
				LOCALIZATION_PREFERS_STRING_CATALOGS = YES;
				MTL_ENABLE_DEBUG_INFO = NO;
				MTL_FAST_MATH = YES;
				SDKROOT = iphoneos;
				SWIFT_COMPILATION_MODE = wholemodule;
				VALIDATE_PRODUCT = YES;
			};
			name = Release;
		};
		1AEA2F302E6C461D008CD44E /* Debug */ = {
			isa = XCBuildConfiguration;
			buildSettings = {
				ASSETCATALOG_COMPILER_APPICON_NAME = AppIcon;
				ASSETCATALOG_COMPILER_GLOBAL_ACCENT_COLOR_NAME = AccentColor;
				CODE_SIGN_STYLE = Automatic;
				CURRENT_PROJECT_VERSION = 1;
				DEVELOPMENT_TEAM = 2G32TA8V2A;
				ENABLE_PREVIEWS = YES;
				GENERATE_INFOPLIST_FILE = YES;
				INFOPLIST_KEY_UIApplicationSceneManifest_Generation = YES;
				INFOPLIST_KEY_UIApplicationSupportsIndirectInputEvents = YES;
				INFOPLIST_KEY_UILaunchScreen_Generation = YES;
				INFOPLIST_KEY_UISupportedInterfaceOrientations_iPad = "UIInterfaceOrientationPortrait UIInterfaceOrientationPortraitUpsideDown UIInterfaceOrientationLandscapeLeft UIInterfaceOrientationLandscapeRight";
				INFOPLIST_KEY_UISupportedInterfaceOrientations_iPhone = "UIInterfaceOrientationPortrait UIInterfaceOrientationLandscapeLeft UIInterfaceOrientationLandscapeRight";
				LD_RUNPATH_SEARCH_PATHS = (
					"$(inherited)",
					"@executable_path/Frameworks",
				);
				MARKETING_VERSION = 1.0;
				PRODUCT_BUNDLE_IDENTIFIER = "com.TechMaster.Meteo-Indicator";
				PRODUCT_NAME = "$(TARGET_NAME)";
				STRING_CATALOG_GENERATE_SYMBOLS = YES;
				SWIFT_APPROACHABLE_CONCURRENCY = YES;
				SWIFT_DEFAULT_ACTOR_ISOLATION = MainActor;
				SWIFT_EMIT_LOC_STRINGS = YES;
				SWIFT_UPCOMING_FEATURE_MEMBER_IMPORT_VISIBILITY = YES;
				SWIFT_VERSION = 5.0;
				TARGETED_DEVICE_FAMILY = "1,2";
			};
			name = Debug;
		};
		1AEA2F312E6C461D008CD44E /* Release */ = {
			isa = XCBuildConfiguration;
			buildSettings = {
				ASSETCATALOG_COMPILER_APPICON_NAME = AppIcon;
				ASSETCATALOG_COMPILER_GLOBAL_ACCENT_COLOR_NAME = AccentColor;
				CODE_SIGN_STYLE = Automatic;
				CURRENT_PROJECT_VERSION = 1;
				DEVELOPMENT_TEAM = 2G32TA8V2A;
				ENABLE_PREVIEWS = YES;
				GENERATE_INFOPLIST_FILE = YES;
				INFOPLIST_KEY_UIApplicationSceneManifest_Generation = YES;
				INFOPLIST_KEY_UIApplicationSupportsIndirectInputEvents = YES;
				INFOPLIST_KEY_UILaunchScreen_Generation = YES;
				INFOPLIST_KEY_UISupportedInterfaceOrientations_iPad = "UIInterfaceOrientationPortrait UIInterfaceOrientationPortraitUpsideDown UIInterfaceOrientationLandscapeLeft UIInterfaceOrientationLandscapeRight";
				INFOPLIST_KEY_UISupportedInterfaceOrientations_iPhone = "UIInterfaceOrientationPortrait UIInterfaceOrientationLandscapeLeft UIInterfaceOrientationLandscapeRight";
				LD_RUNPATH_SEARCH_PATHS = (
					"$(inherited)",
					"@executable_path/Frameworks",
				);
				MARKETING_VERSION = 1.0;
				PRODUCT_BUNDLE_IDENTIFIER = "com.TechMaster.Meteo-Indicator";
				PRODUCT_NAME = "$(TARGET_NAME)";
				STRING_CATALOG_GENERATE_SYMBOLS = YES;
				SWIFT_APPROACHABLE_CONCURRENCY = YES;
				SWIFT_DEFAULT_ACTOR_ISOLATION = MainActor;
				SWIFT_EMIT_LOC_STRINGS = YES;
				SWIFT_UPCOMING_FEATURE_MEMBER_IMPORT_VISIBILITY = YES;
				SWIFT_VERSION = 5.0;
				TARGETED_DEVICE_FAMILY = "1,2";
			};
			name = Release;
		};
		1AEA2F332E6C461D008CD44E /* Debug */ = {
			isa = XCBuildConfiguration;
			buildSettings = {
				BUNDLE_LOADER = "$(TEST_HOST)";
				CODE_SIGN_STYLE = Automatic;
				CURRENT_PROJECT_VERSION = 1;
				DEVELOPMENT_TEAM = 2G32TA8V2A;
				GENERATE_INFOPLIST_FILE = YES;
				IPHONEOS_DEPLOYMENT_TARGET = 26.0;
				MARKETING_VERSION = 1.0;
				PRODUCT_BUNDLE_IDENTIFIER = "com.TechMaster.Meteo-IndicatorTests";
				PRODUCT_NAME = "$(TARGET_NAME)";
				STRING_CATALOG_GENERATE_SYMBOLS = NO;
				SWIFT_APPROACHABLE_CONCURRENCY = YES;
				SWIFT_EMIT_LOC_STRINGS = NO;
				SWIFT_UPCOMING_FEATURE_MEMBER_IMPORT_VISIBILITY = YES;
				SWIFT_VERSION = 5.0;
				TARGETED_DEVICE_FAMILY = "1,2";
				TEST_HOST = "$(BUILT_PRODUCTS_DIR)/Meteo-Indicator.app/$(BUNDLE_EXECUTABLE_FOLDER_PATH)/Meteo-Indicator";
			};
			name = Debug;
		};
		1AEA2F342E6C461D008CD44E /* Release */ = {
			isa = XCBuildConfiguration;
			buildSettings = {
				BUNDLE_LOADER = "$(TEST_HOST)";
				CODE_SIGN_STYLE = Automatic;
				CURRENT_PROJECT_VERSION = 1;
				DEVELOPMENT_TEAM = 2G32TA8V2A;
				GENERATE_INFOPLIST_FILE = YES;
				IPHONEOS_DEPLOYMENT_TARGET = 26.0;
				MARKETING_VERSION = 1.0;
				PRODUCT_BUNDLE_IDENTIFIER = "com.TechMaster.Meteo-IndicatorTests";
				PRODUCT_NAME = "$(TARGET_NAME)";
				STRING_CATALOG_GENERATE_SYMBOLS = NO;
				SWIFT_APPROACHABLE_CONCURRENCY = YES;
				SWIFT_EMIT_LOC_STRINGS = NO;
				SWIFT_UPCOMING_FEATURE_MEMBER_IMPORT_VISIBILITY = YES;
				SWIFT_VERSION = 5.0;
				TARGETED_DEVICE_FAMILY = "1,2";
				TEST_HOST = "$(BUILT_PRODUCTS_DIR)/Meteo-Indicator.app/$(BUNDLE_EXECUTABLE_FOLDER_PATH)/Meteo-Indicator";
			};
			name = Release;
		};
		1AEA2F362E6C461D008CD44E /* Debug */ = {
			isa = XCBuildConfiguration;
			buildSettings = {
				CODE_SIGN_STYLE = Automatic;
				CURRENT_PROJECT_VERSION = 1;
				DEVELOPMENT_TEAM = 2G32TA8V2A;
				GENERATE_INFOPLIST_FILE = YES;
				MARKETING_VERSION = 1.0;
				PRODUCT_BUNDLE_IDENTIFIER = "com.TechMaster.Meteo-IndicatorUITests";
				PRODUCT_NAME = "$(TARGET_NAME)";
				STRING_CATALOG_GENERATE_SYMBOLS = NO;
				SWIFT_APPROACHABLE_CONCURRENCY = YES;
				SWIFT_EMIT_LOC_STRINGS = NO;
				SWIFT_UPCOMING_FEATURE_MEMBER_IMPORT_VISIBILITY = YES;
				SWIFT_VERSION = 5.0;
				TARGETED_DEVICE_FAMILY = "1,2";
				TEST_TARGET_NAME = "Meteo-Indicator";
			};
			name = Debug;
		};
		1AEA2F372E6C461D008CD44E /* Release */ = {
			isa = XCBuildConfiguration;
			buildSettings = {
				CODE_SIGN_STYLE = Automatic;
				CURRENT_PROJECT_VERSION = 1;
				DEVELOPMENT_TEAM = 2G32TA8V2A;
				GENERATE_INFOPLIST_FILE = YES;
				MARKETING_VERSION = 1.0;
				PRODUCT_BUNDLE_IDENTIFIER = "com.TechMaster.Meteo-IndicatorUITests";
				PRODUCT_NAME = "$(TARGET_NAME)";
				STRING_CATALOG_GENERATE_SYMBOLS = NO;
				SWIFT_APPROACHABLE_CONCURRENCY = YES;
				SWIFT_EMIT_LOC_STRINGS = NO;
				SWIFT_UPCOMING_FEATURE_MEMBER_IMPORT_VISIBILITY = YES;
				SWIFT_VERSION = 5.0;
				TARGETED_DEVICE_FAMILY = "1,2";
				TEST_TARGET_NAME = "Meteo-Indicator";
			};
			name = Release;
		};
/* End XCBuildConfiguration section */

/* Begin XCConfigurationList section */
		1AEA2F092E6C461C008CD44E /* Build configuration list for PBXProject "Meteo-Indicator" */ = {
			isa = XCConfigurationList;
			buildConfigurations = (
				1AEA2F2D2E6C461D008CD44E /* Debug */,
				1AEA2F2E2E6C461D008CD44E /* Release */,
			);
			defaultConfigurationIsVisible = 0;
			defaultConfigurationName = Release;
		};
		1AEA2F2F2E6C461D008CD44E /* Build configuration list for PBXNativeTarget "Meteo-Indicator" */ = {
			isa = XCConfigurationList;
			buildConfigurations = (
				1AEA2F302E6C461D008CD44E /* Debug */,
				1AEA2F312E6C461D008CD44E /* Release */,
			);
			defaultConfigurationIsVisible = 0;
			defaultConfigurationName = Release;
		};
		1AEA2F322E6C461D008CD44E /* Build configuration list for PBXNativeTarget "Meteo-IndicatorTests" */ = {
			isa = XCConfigurationList;
			buildConfigurations = (
				1AEA2F332E6C461D008CD44E /* Debug */,
				1AEA2F342E6C461D008CD44E /* Release */,
			);
			defaultConfigurationIsVisible = 0;
			defaultConfigurationName = Release;
		};
		1AEA2F352E6C461D008CD44E /* Build configuration list for PBXNativeTarget "Meteo-IndicatorUITests" */ = {
			isa = XCConfigurationList;
			buildConfigurations = (
				1AEA2F362E6C461D008CD44E /* Debug */,
				1AEA2F372E6C461D008CD44E /* Release */,
			);
			defaultConfigurationIsVisible = 0;
			defaultConfigurationName = Release;
		};
/* End XCConfigurationList section */
	};
	rootObject = 1AEA2F062E6C461C008CD44E /* Project object */;
}
